
Microsoft Visual Studio Solution File, Format Version 12.00
# Visual Studio Version 17
VisualStudioVersion = 17.6.33829.357
MinimumVisualStudioVersion = 10.0.40219.1
Project("{FAE04EC0-301F-11D3-BF4B-00C04F79EFBC}") = "API_Fundamentals", "API_Fundamentals\API_Fundamentals.csproj", "{DCAE4765-A3B1-42D3-9CE0-E592B7EBB1A4}"
EndProject
Global
	GlobalSection(SolutionConfigurationPlatforms) = preSolution
		Debug|Any CPU = Debug|Any CPU
		Release|Any CPU = Release|Any CPU
	EndGlobalSection
	GlobalSection(ProjectConfigurationPlatforms) = postSolution
		{DCAE4765-A3B1-42D3-9CE0-E592B7EBB1A4}.Debug|Any CPU.ActiveCfg = Debug|Any CPU
		{DCAE4765-A3B1-42D3-9CE0-E592B7EBB1A4}.Debug|Any CPU.Build.0 = Debug|Any CPU
		{DCAE4765-A3B1-42D3-9CE0-E592B7EBB1A4}.Release|Any CPU.ActiveCfg = Release|Any CPU
		{DCAE4765-A3B1-42D3-9CE0-E592B7EBB1A4}.Release|Any CPU.Build.0 = Release|Any CPU
	EndGlobalSection
	GlobalSection(SolutionProperties) = preSolution
		HideSolutionNode = FALSE
	EndGlobalSection
	GlobalSection(ExtensibilityGlobals) = postSolution
		SolutionGuid = {34706FEA-39A7-4A82-AFE9-33CE05190224}
	EndGlobalSection
EndGlobal
